
Microsoft Visual Studio Solution File, Format Version 11.00
# Visual Studio 2010
Project("{FAE04EC0-301F-11D3-BF4B-00C04F79EFBC}") = "CTPInvoke", "CTPInvoke\CTPInvoke.csproj", "{060AF8A9-24BF-497C-B099-2E532BFF6338}"
EndProject
Project("{8BC9CEB8-8B4A-11D0-8D11-00A0C91BC942}") = "CTPWrapper", "CTPWrapper\CTPWrapper.vcxproj", "{37E7E75C-772D-41DB-ACDF-2737A04B633E}"
EndProject
Global
	GlobalSection(SolutionConfigurationPlatforms) = preSolution
		Debug|Any CPU = Debug|Any CPU
		Debug|Mixed Platforms = Debug|Mixed Platforms
		Debug|Win32 = Debug|Win32
		Debug|x64 = Debug|x64
		Release|Any CPU = Release|Any CPU
		Release|Mixed Platforms = Release|Mixed Platforms
		Release|Win32 = Release|Win32
		Release|x64 = Release|x64
	EndGlobalSection
	GlobalSection(ProjectConfigurationPlatforms) = postSolution
		{060AF8A9-24BF-497C-B099-2E532BFF6338}.Debug|Any CPU.ActiveCfg = Debug|x86
		{060AF8A9-24BF-497C-B099-2E532BFF6338}.Debug|Mixed Platforms.ActiveCfg = Debug|x86
		{060AF8A9-24BF-497C-B099-2E532BFF6338}.Debug|Mixed Platforms.Build.0 = Debug|x86
		{060AF8A9-24BF-497C-B099-2E532BFF6338}.Debug|Win32.ActiveCfg = Debug|x86
		{060AF8A9-24BF-497C-B099-2E532BFF6338}.Debug|x64.ActiveCfg = Debug|x86
		{060AF8A9-24BF-497C-B099-2E532BFF6338}.Release|Any CPU.ActiveCfg = Release|x86
		{060AF8A9-24BF-497C-B099-2E532BFF6338}.Release|Mixed Platforms.ActiveCfg = Release|x86
		{060AF8A9-24BF-497C-B099-2E532BFF6338}.Release|Mixed Platforms.Build.0 = Release|x86
		{060AF8A9-24BF-497C-B099-2E532BFF6338}.Release|Win32.ActiveCfg = Release|x86
		{060AF8A9-24BF-497C-B099-2E532BFF6338}.Release|x64.ActiveCfg = Release|x86
		{37E7E75C-772D-41DB-ACDF-2737A04B633E}.Debug|Any CPU.ActiveCfg = Debug|x64
		{37E7E75C-772D-41DB-ACDF-2737A04B633E}.Debug|Mixed Platforms.ActiveCfg = Debug|Win32
		{37E7E75C-772D-41DB-ACDF-2737A04B633E}.Debug|Mixed Platforms.Build.0 = Debug|Win32
		{37E7E75C-772D-41DB-ACDF-2737A04B633E}.Debug|Win32.ActiveCfg = Debug|Win32
		{37E7E75C-772D-41DB-ACDF-2737A04B633E}.Debug|Win32.Build.0 = Debug|Win32
		{37E7E75C-772D-41DB-ACDF-2737A04B633E}.Debug|x64.ActiveCfg = Debug|x64
		{37E7E75C-772D-41DB-ACDF-2737A04B633E}.Debug|x64.Build.0 = Debug|x64
		{37E7E75C-772D-41DB-ACDF-2737A04B633E}.Release|Any CPU.ActiveCfg = Release|x64
		{37E7E75C-772D-41DB-ACDF-2737A04B633E}.Release|Mixed Platforms.ActiveCfg = Release|Win32
		{37E7E75C-772D-41DB-ACDF-2737A04B633E}.Release|Mixed Platforms.Build.0 = Release|Win32
		{37E7E75C-772D-41DB-ACDF-2737A04B633E}.Release|Win32.ActiveCfg = Release|Win32
		{37E7E75C-772D-41DB-ACDF-2737A04B633E}.Release|Win32.Build.0 = Release|Win32
		{37E7E75C-772D-41DB-ACDF-2737A04B633E}.Release|x64.ActiveCfg = Release|x64
		{37E7E75C-772D-41DB-ACDF-2737A04B633E}.Release|x64.Build.0 = Release|x64
	EndGlobalSection
	GlobalSection(SolutionProperties) = preSolution
		HideSolutionNode = FALSE
	EndGlobalSection
EndGlobal
